// !$*UTF8*$!
{
	archiveVersion = 1;
	classes = {
	};
	objectVersion = 55;
	objects = {

/* Begin PBXBuildFile section */
		D338933A28C515DE00FF7C06 /* AppDelegate.swift in Sources */ = {isa = PBXBuildFile; fileRef = D338933928C515DE00FF7C06 /* AppDelegate.swift */; };
		D338933C28C515DE00FF7C06 /* SceneDelegate.swift in Sources */ = {isa = PBXBuildFile; fileRef = D338933B28C515DE00FF7C06 /* SceneDelegate.swift */; };
		D338933E28C515DE00FF7C06 /* ViewController.swift in Sources */ = {isa = PBXBuildFile; fileRef = D338933D28C515DE00FF7C06 /* ViewController.swift */; };
		D338934128C515DE00FF7C06 /* Main.storyboard in Resources */ = {isa = PBXBuildFile; fileRef = D338933F28C515DE00FF7C06 /* Main.storyboard */; };
		D338934328C515E200FF7C06 /* Assets.xcassets in Resources */ = {isa = PBXBuildFile; fileRef = D338934228C515E200FF7C06 /* Assets.xcassets */; };
		D338934628C515E200FF7C06 /* LaunchScreen.storyboard in Resources */ = {isa = PBXBuildFile; fileRef = D338934428C515E200FF7C06 /* LaunchScreen.storyboard */; };
		D338935028C5185900FF7C06 /* Card.swift in Sources */ = {isa = PBXBuildFile; fileRef = D338934F28C5185900FF7C06 /* Card.swift */; };
		D338935228C5343C00FF7C06 /* CardCell.swift in Sources */ = {isa = PBXBuildFile; fileRef = D338935128C5343C00FF7C06 /* CardCell.swift */; };
		D338935428C5520600FF7C06 /* CardController.swift in Sources */ = {isa = PBXBuildFile; fileRef = D338935328C5520600FF7C06 /* CardController.swift */; };
/* End PBXBuildFile section */

/* Begin PBXFileReference section */
		D338933628C515DE00FF7C06 /* C7_Memory_Game.app */ = {isa = PBXFileReference; explicitFileType = wrapper.application; includeInIndex = 0; path = C7_Memory_Game.app; sourceTree = BUILT_PRODUCTS_DIR; };
		D338933928C515DE00FF7C06 /* AppDelegate.swift */ = {isa = PBXFileReference; lastKnownFileType = sourcecode.swift; path = AppDelegate.swift; sourceTree = "<group>"; };
		D338933B28C515DE00FF7C06 /* SceneDelegate.swift */ = {isa = PBXFileReference; lastKnownFileType = sourcecode.swift; path = SceneDelegate.swift; sourceTree = "<group>"; };
		D338933D28C515DE00FF7C06 /* ViewController.swift */ = {isa = PBXFileReference; lastKnownFileType = sourcecode.swift; path = ViewController.swift; sourceTree = "<group>"; };
		D338934028C515DE00FF7C06 /* Base */ = {isa = PBXFileReference; lastKnownFileType = file.storyboard; name = Base; path = Base.lproj/Main.storyboard; sourceTree = "<group>"; };
		D338934228C515E200FF7C06 /* Assets.xcassets */ = {isa = PBXFileReference; lastKnownFileType = folder.assetcatalog; path = Assets.xcassets; sourceTree = "<group>"; };
		D338934528C515E200FF7C06 /* Base */ = {isa = PBXFileReference; lastKnownFileType = file.storyboard; name = Base; path = Base.lproj/LaunchScreen.storyboard; sourceTree = "<group>"; };
		D338934728C515E200FF7C06 /* Info.plist */ = {isa = PBXFileReference; lastKnownFileType = text.plist.xml; path = Info.plist; sourceTree = "<group>"; };
		D338934F28C5185900FF7C06 /* Card.swift */ = {isa = PBXFileReference; lastKnownFileType = sourcecode.swift; path = Card.swift; sourceTree = "<group>"; };
		D338935128C5343C00FF7C06 /* CardCell.swift */ = {isa = PBXFileReference; lastKnownFileType = sourcecode.swift; path = CardCell.swift; sourceTree = "<group>"; };
		D338935328C5520600FF7C06 /* CardController.swift */ = {isa = PBXFileReference; lastKnownFileType = sourcecode.swift; path = CardController.swift; sourceTree = "<group>"; };
/* End PBXFileReference section */

/* Begin PBXFrameworksBuildPhase section */
		D338933328C515DE00FF7C06 /* Frameworks */ = {
			isa = PBXFrameworksBuildPhase;
			buildActionMask = 2147483647;
			files = (
			);
			runOnlyForDeploymentPostprocessing = 0;
		};
/* End PBXFrameworksBuildPhase section */

/* Begin PBXGroup section */
		D338932D28C515DE00FF7C06 = {
			isa = PBXGroup;
			children = (
				D338933828C515DE00FF7C06 /* C7_Memory_Game */,
				D338933728C515DE00FF7C06 /* Products */,
			);
			sourceTree = "<group>";
		};
		D338933728C515DE00FF7C06 /* Products */ = {
			isa = PBXGroup;
			children = (
				D338933628C515DE00FF7C06 /* C7_Memory_Game.app */,
			);
			name = Products;
			sourceTree = "<group>";
		};
		D338933828C515DE00FF7C06 /* C7_Memory_Game */ = {
			isa = PBXGroup;
			children = (
				D338933928C515DE00FF7C06 /* AppDelegate.swift */,
				D338933B28C515DE00FF7C06 /* SceneDelegate.swift */,
				D338933D28C515DE00FF7C06 /* ViewController.swift */,
				D338933F28C515DE00FF7C06 /* Main.storyboard */,
				D338934F28C5185900FF7C06 /* Card.swift */,
				D338935328C5520600FF7C06 /* CardController.swift */,
				D338935128C5343C00FF7C06 /* CardCell.swift */,
				D338934228C515E200FF7C06 /* Assets.xcassets */,
				D338934428C515E200FF7C06 /* LaunchScreen.storyboard */,
				D338934728C515E200FF7C06 /* Info.plist */,
			);
			path = C7_Memory_Game;
			sourceTree = "<group>";
		};
/* End PBXGroup section */

/* Begin PBXNativeTarget section */
		D338933528C515DE00FF7C06 /* C7_Memory_Game */ = {
			isa = PBXNativeTarget;
			buildConfigurationList = D338934A28C515E200FF7C06 /* Build configuration list for PBXNativeTarget "C7_Memory_Game" */;
			buildPhases = (
				D338933228C515DE00FF7C06 /* Sources */,
				D338933328C515DE00FF7C06 /* Frameworks */,
				D338933428C515DE00FF7C06 /* Resources */,
			);
			buildRules = (
			);
			dependencies = (
			);
			name = C7_Memory_Game;
			productName = C7_Memory_Game;
			productReference = D338933628C515DE00FF7C06 /* C7_Memory_Game.app */;
			productType = "com.apple.product-type.application";
		};
/* End PBXNativeTarget section */

/* Begin PBXProject section */
		D338932E28C515DE00FF7C06 /* Project object */ = {
			isa = PBXProject;
			attributes = {
				BuildIndependentTargetsInParallel = 1;
				LastSwiftUpdateCheck = 1340;
				LastUpgradeCheck = 1340;
				TargetAttributes = {
					D338933528C515DE00FF7C06 = {
						CreatedOnToolsVersion = 13.4.1;
					};
				};
			};
			buildConfigurationList = D338933128C515DE00FF7C06 /* Build configuration list for PBXProject "C7_Memory_Game" */;
			compatibilityVersion = "Xcode 13.0";
			developmentRegion = en;
			hasScannedForEncodings = 0;
			knownRegions = (
				en,
				Base,
			);
			mainGroup = D338932D28C515DE00FF7C06;
			productRefGroup = D338933728C515DE00FF7C06 /* Products */;
			projectDirPath = "";
			projectRoot = "";
			targets = (
				D338933528C515DE00FF7C06 /* C7_Memory_Game */,
			);
		};
/* End PBXProject section */

/* Begin PBXResourcesBuildPhase section */
		D338933428C515DE00FF7C06 /* Resources */ = {
			isa = PBXResourcesBuildPhase;
			buildActionMask = 2147483647;
			files = (
				D338934628C515E200FF7C06 /* LaunchScreen.storyboard in Resources */,
				D338934328C515E200FF7C06 /* Assets.xcassets in Resources */,
				D338934128C515DE00FF7C06 /* Main.storyboard in Resources */,
			);
			runOnlyForDeploymentPostprocessing = 0;
		};
/* End PBXResourcesBuildPhase section */

/* Begin PBXSourcesBuildPhase section */
		D338933228C515DE00FF7C06 /* Sources */ = {
			isa = PBXSourcesBuildPhase;
			buildActionMask = 2147483647;
			files = (
				D338935228C5343C00FF7C06 /* CardCell.swift in Sources */,
				D338935428C5520600FF7C06 /* CardController.swift in Sources */,
				D338933E28C515DE00FF7C06 /* ViewController.swift in Sources */,
				D338933A28C515DE00FF7C06 /* AppDelegate.swift in Sources */,
				D338935028C5185900FF7C06 /* Card.swift in Sources */,
				D338933C28C515DE00FF7C06 /* SceneDelegate.swift in Sources */,
			);
			runOnlyForDeploymentPostprocessing = 0;
		};
/* End PBXSourcesBuildPhase section */

/* Begin PBXVariantGroup section */
		D338933F28C515DE00FF7C06 /* Main.storyboard */ = {
			isa = PBXVariantGroup;
			children = (
				D338934028C515DE00FF7C06 /* Base */,
			);
			name = Main.storyboard;
			sourceTree = "<group>";
		};
		D338934428C515E200FF7C06 /* LaunchScreen.storyboard */ = {
			isa = PBXVariantGroup;
			children = (
				D338934528C515E200FF7C06 /* Base */,
			);
			name = LaunchScreen.storyboard;
			sourceTree = "<group>";
		};
/* End PBXVariantGroup section */

/* Begin XCBuildConfiguration section */
		D338934828C515E200FF7C06 /* Debug */ = {
			isa = XCBuildConfiguration;
			buildSettings = {
				ALWAYS_SEARCH_USER_PATHS = NO;
				CLANG_ANALYZER_NONNULL = YES;
				CLANG_ANALYZER_NUMBER_OBJECT_CONVERSION = YES_AGGRESSIVE;
				CLANG_CXX_LANGUAGE_STANDARD = "gnu++17";
				CLANG_ENABLE_MODULES = YES;
				CLANG_ENABLE_OBJC_ARC = YES;
				CLANG_ENABLE_OBJC_WEAK = YES;
				CLANG_WARN_BLOCK_CAPTURE_AUTORELEASING = YES;
				CLANG_WARN_BOOL_CONVERSION = YES;
				CLANG_WARN_COMMA = YES;
				CLANG_WARN_CONSTANT_CONVERSION = YES;
				CLANG_WARN_DEPRECATED_OBJC_IMPLEMENTATIONS = YES;
				CLANG_WARN_DIRECT_OBJC_ISA_USAGE = YES_ERROR;
				CLANG_WARN_DOCUMENTATION_COMMENTS = YES;
				CLANG_WARN_EMPTY_BODY = YES;
				CLANG_WARN_ENUM_CONVERSION = YES;
				CLANG_WARN_INFINITE_RECURSION = YES;
				CLANG_WARN_INT_CONVERSION = YES;
				CLANG_WARN_NON_LITERAL_NULL_CONVERSION = YES;
				CLANG_WARN_OBJC_IMPLICIT_RETAIN_SELF = YES;
				CLANG_WARN_OBJC_LITERAL_CONVERSION = YES;
				CLANG_WARN_OBJC_ROOT_CLASS = YES_ERROR;
				CLANG_WARN_QUOTED_INCLUDE_IN_FRAMEWORK_HEADER = YES;
				CLANG_WARN_RANGE_LOOP_ANALYSIS = YES;
				CLANG_WARN_STRICT_PROTOTYPES = YES;
				CLANG_WARN_SUSPICIOUS_MOVE = YES;
				CLANG_WARN_UNGUARDED_AVAILABILITY = YES_AGGRESSIVE;
				CLANG_WARN_UNREACHABLE_CODE = YES;
				CLANG_WARN__DUPLICATE_METHOD_MATCH = YES;
				COPY_PHASE_STRIP = NO;
				DEBUG_INFORMATION_FORMAT = dwarf;
				ENABLE_STRICT_OBJC_MSGSEND = YES;
				ENABLE_TESTABILITY = YES;
				GCC_C_LANGUAGE_STANDARD = gnu11;
				GCC_DYNAMIC_NO_PIC = NO;
				GCC_NO_COMMON_BLOCKS = YES;
				GCC_OPTIMIZATION_LEVEL = 0;
				GCC_PREPROCESSOR_DEFINITIONS = (
					"DEBUG=1",
					"$(inherited)",
				);
				GCC_WARN_64_TO_32_BIT_CONVERSION = YES;
				GCC_WARN_ABOUT_RETURN_TYPE = YES_ERROR;
				GCC_WARN_UNDECLARED_SELECTOR = YES;
				GCC_WARN_UNINITIALIZED_AUTOS = YES_AGGRESSIVE;
				GCC_WARN_UNUSED_FUNCTION = YES;
				GCC_WARN_UNUSED_VARIABLE = YES;
				IPHONEOS_DEPLOYMENT_TARGET = 15.5;
				MTL_ENABLE_DEBUG_INFO = INCLUDE_SOURCE;
				MTL_FAST_MATH = YES;
				ONLY_ACTIVE_ARCH = YES;
				SDKROOT = iphoneos;
				SWIFT_ACTIVE_COMPILATION_CONDITIONS = DEBUG;
				SWIFT_OPTIMIZATION_LEVEL = "-Onone";
			};
			name = Debug;
		};
		D338934928C515E200FF7C06 /* Release */ = {
			isa = XCBuildConfiguration;
			buildSettings = {
				ALWAYS_SEARCH_USER_PATHS = NO;
				CLANG_ANALYZER_NONNULL = YES;
				CLANG_ANALYZER_NUMBER_OBJECT_CONVERSION = YES_AGGRESSIVE;
				CLANG_CXX_LANGUAGE_STANDARD = "gnu++17";
				CLANG_ENABLE_MODULES = YES;
				CLANG_ENABLE_OBJC_ARC = YES;
				CLANG_ENABLE_OBJC_WEAK = YES;
				CLANG_WARN_BLOCK_CAPTURE_AUTORELEASING = YES;
				CLANG_WARN_BOOL_CONVERSION = YES;
				CLANG_WARN_COMMA = YES;
				CLANG_WARN_CONSTANT_CONVERSION = YES;
				CLANG_WARN_DEPRECATED_OBJC_IMPLEMENTATIONS = YES;
				CLANG_WARN_DIRECT_OBJC_ISA_USAGE = YES_ERROR;
				CLANG_WARN_DOCUMENTATION_COMMENTS = YES;
				CLANG_WARN_EMPTY_BODY = YES;
				CLANG_WARN_ENUM_CONVERSION = YES;
				CLANG_WARN_INFINITE_RECURSION = YES;
				CLANG_WARN_INT_CONVERSION = YES;
				CLANG_WARN_NON_LITERAL_NULL_CONVERSION = YES;
				CLANG_WARN_OBJC_IMPLICIT_RETAIN_SELF = YES;
				CLANG_WARN_OBJC_LITERAL_CONVERSION = YES;
				CLANG_WARN_OBJC_ROOT_CLASS = YES_ERROR;
				CLANG_WARN_QUOTED_INCLUDE_IN_FRAMEWORK_HEADER = YES;
				CLANG_WARN_RANGE_LOOP_ANALYSIS = YES;
				CLANG_WARN_STRICT_PROTOTYPES = YES;
				CLANG_WARN_SUSPICIOUS_MOVE = YES;
				CLANG_WARN_UNGUARDED_AVAILABILITY = YES_AGGRESSIVE;
				CLANG_WARN_UNREACHABLE_CODE = YES;
				CLANG_WARN__DUPLICATE_METHOD_MATCH = YES;
				COPY_PHASE_STRIP = NO;
				DEBUG_INFORMATION_FORMAT = "dwarf-with-dsym";
				ENABLE_NS_ASSERTIONS = NO;
				ENABLE_STRICT_OBJC_MSGSEND = YES;
				GCC_C_LANGUAGE_STANDARD = gnu11;
				GCC_NO_COMMON_BLOCKS = YES;
				GCC_WARN_64_TO_32_BIT_CONVERSION = YES;
				GCC_WARN_ABOUT_RETURN_TYPE = YES_ERROR;
				GCC_WARN_UNDECLARED_SELECTOR = YES;
				GCC_WARN_UNINITIALIZED_AUTOS = YES_AGGRESSIVE;
				GCC_WARN_UNUSED_FUNCTION = YES;
				GCC_WARN_UNUSED_VARIABLE = YES;
				IPHONEOS_DEPLOYMENT_TARGET = 15.5;
				MTL_ENABLE_DEBUG_INFO = NO;
				MTL_FAST_MATH = YES;
				SDKROOT = iphoneos;
				SWIFT_COMPILATION_MODE = wholemodule;
				SWIFT_OPTIMIZATION_LEVEL = "-O";
				VALIDATE_PRODUCT = YES;
			};
			name = Release;
		};
		D338934B28C515E200FF7C06 /* Debug */ = {
			isa = XCBuildConfiguration;
			buildSettings = {
				ASSETCATALOG_COMPILER_APPICON_NAME = AppIcon;
				ASSETCATALOG_COMPILER_GLOBAL_ACCENT_COLOR_NAME = AccentColor;
				CODE_SIGN_STYLE = Automatic;
				CURRENT_PROJECT_VERSION = 1;
				DEVELOPMENT_TEAM = 4JZ68K34BA;
				GENERATE_INFOPLIST_FILE = YES;
				INFOPLIST_FILE = C7_Memory_Game/Info.plist;
				INFOPLIST_KEY_UIApplicationSupportsIndirectInputEvents = YES;
				INFOPLIST_KEY_UILaunchStoryboardName = LaunchScreen;
				INFOPLIST_KEY_UIMainStoryboardFile = Main;
				INFOPLIST_KEY_UISupportedInterfaceOrientations_iPad = "UIInterfaceOrientationLandscapeLeft UIInterfaceOrientationLandscapeRight";
				INFOPLIST_KEY_UISupportedInterfaceOrientations_iPhone = "UIInterfaceOrientationPortrait UIInterfaceOrientationLandscapeLeft UIInterfaceOrientationLandscapeRight";
				LD_RUNPATH_SEARCH_PATHS = (
					"$(inherited)",
					"@executable_path/Frameworks",
				);
				MARKETING_VERSION = 1.0;
				PRODUCT_BUNDLE_IDENTIFIER = "com.laurakciic.C7-Memory-Game";
				PRODUCT_NAME = "$(TARGET_NAME)";
				SWIFT_EMIT_LOC_STRINGS = YES;
				SWIFT_VERSION = 5.0;
				TARGETED_DEVICE_FAMILY = 2;
			};
			name = Debug;
		};
		D338934C28C515E200FF7C06 /* Release */ = {
			isa = XCBuildConfiguration;
			buildSettings = {
				ASSETCATALOG_COMPILER_APPICON_NAME = AppIcon;
				ASSETCATALOG_COMPILER_GLOBAL_ACCENT_COLOR_NAME = AccentColor;
				CODE_SIGN_STYLE = Automatic;
				CURRENT_PROJECT_VERSION = 1;
				DEVELOPMENT_TEAM = 4JZ68K34BA;
				GENERATE_INFOPLIST_FILE = YES;
				INFOPLIST_FILE = C7_Memory_Game/Info.plist;
				INFOPLIST_KEY_UIApplicationSupportsIndirectInputEvents = YES;
				INFOPLIST_KEY_UILaunchStoryboardName = LaunchScreen;
				INFOPLIST_KEY_UIMainStoryboardFile = Main;
				INFOPLIST_KEY_UISupportedInterfaceOrientations_iPad = "UIInterfaceOrientationLandscapeLeft UIInterfaceOrientationLandscapeRight";
				INFOPLIST_KEY_UISupportedInterfaceOrientations_iPhone = "UIInterfaceOrientationPortrait UIInterfaceOrientationLandscapeLeft UIInterfaceOrientationLandscapeRight";
				LD_RUNPATH_SEARCH_PATHS = (
					"$(inherited)",
					"@executable_path/Frameworks",
				);
				MARKETING_VERSION = 1.0;
				PRODUCT_BUNDLE_IDENTIFIER = "com.laurakciic.C7-Memory-Game";
				PRODUCT_NAME = "$(TARGET_NAME)";
				SWIFT_EMIT_LOC_STRINGS = YES;
				SWIFT_VERSION = 5.0;
				TARGETED_DEVICE_FAMILY = 2;
			};
			name = Release;
		};
/* End XCBuildConfiguration section */

/* Begin XCConfigurationList section */
		D338933128C515DE00FF7C06 /* Build configuration list for PBXProject "C7_Memory_Game" */ = {
			isa = XCConfigurationList;
			buildConfigurations = (
				D338934828C515E200FF7C06 /* Debug */,
				D338934928C515E200FF7C06 /* Release */,
			);
			defaultConfigurationIsVisible = 0;
			defaultConfigurationName = Release;
		};
		D338934A28C515E200FF7C06 /* Build configuration list for PBXNativeTarget "C7_Memory_Game" */ = {
			isa = XCConfigurationList;
			buildConfigurations = (
				D338934B28C515E200FF7C06 /* Debug */,
				D338934C28C515E200FF7C06 /* Release */,
			);
			defaultConfigurationIsVisible = 0;
			defaultConfigurationName = Release;
		};
/* End XCConfigurationList section */
	};
	rootObject = D338932E28C515DE00FF7C06 /* Project object */;
}
