// !$*UTF8*$!
{
	archiveVersion = 1;
	classes = {
	};
	objectVersion = 55;
	objects = {

/* Begin PBXBuildFile section */
		D36B2AB828BC9D7F007AE97A /* AppDelegate.swift in Sources */ = {isa = PBXBuildFile; fileRef = D36B2AB728BC9D7F007AE97A /* AppDelegate.swift */; };
		D36B2ABA28BC9D7F007AE97A /* SceneDelegate.swift in Sources */ = {isa = PBXBuildFile; fileRef = D36B2AB928BC9D7F007AE97A /* SceneDelegate.swift */; };
		D36B2ABC28BC9D7F007AE97A /* ViewController.swift in Sources */ = {isa = PBXBuildFile; fileRef = D36B2ABB28BC9D7F007AE97A /* ViewController.swift */; };
		D36B2ABF28BC9D7F007AE97A /* Main.storyboard in Resources */ = {isa = PBXBuildFile; fileRef = D36B2ABD28BC9D7F007AE97A /* Main.storyboard */; };
		D36B2AC128BC9D81007AE97A /* Assets.xcassets in Resources */ = {isa = PBXBuildFile; fileRef = D36B2AC028BC9D81007AE97A /* Assets.xcassets */; };
		D36B2AC428BC9D81007AE97A /* LaunchScreen.storyboard in Resources */ = {isa = PBXBuildFile; fileRef = D36B2AC228BC9D81007AE97A /* LaunchScreen.storyboard */; };
		D36B2AD228BCA3D5007AE97A /* UniformTypeIdentifiers.framework in Frameworks */ = {isa = PBXBuildFile; fileRef = D36B2AD128BCA3D5007AE97A /* UniformTypeIdentifiers.framework */; };
		D36B2AD528BCA3D5007AE97A /* Media.xcassets in Resources */ = {isa = PBXBuildFile; fileRef = D36B2AD428BCA3D5007AE97A /* Media.xcassets */; };
		D36B2AD728BCA3D5007AE97A /* ActionViewController.swift in Sources */ = {isa = PBXBuildFile; fileRef = D36B2AD628BCA3D5007AE97A /* ActionViewController.swift */; };
		D36B2ADA28BCA3D5007AE97A /* MainInterface.storyboard in Resources */ = {isa = PBXBuildFile; fileRef = D36B2AD828BCA3D5007AE97A /* MainInterface.storyboard */; };
		D36B2ADE28BCA3D5007AE97A /* Extension.appex in Embed App Extensions */ = {isa = PBXBuildFile; fileRef = D36B2ACF28BCA3D5007AE97A /* Extension.appex */; settings = {ATTRIBUTES = (RemoveHeadersOnCopy, ); }; };
		D36B2AE428BCB2F6007AE97A /* Action.js in Resources */ = {isa = PBXBuildFile; fileRef = D36B2AE328BCB2F6007AE97A /* Action.js */; };
		D36B2AE628BCF034007AE97A /* Scripts.swift in Sources */ = {isa = PBXBuildFile; fileRef = D36B2AE528BCF034007AE97A /* Scripts.swift */; };
		D36B2AE828BD0181007AE97A /* UserScript.swift in Sources */ = {isa = PBXBuildFile; fileRef = D36B2AE728BD0181007AE97A /* UserScript.swift */; };
/* End PBXBuildFile section */

/* Begin PBXContainerItemProxy section */
		D36B2ADC28BCA3D5007AE97A /* PBXContainerItemProxy */ = {
			isa = PBXContainerItemProxy;
			containerPortal = D36B2AAC28BC9D7F007AE97A /* Project object */;
			proxyType = 1;
			remoteGlobalIDString = D36B2ACE28BCA3D5007AE97A;
			remoteInfo = Extension;
		};
/* End PBXContainerItemProxy section */

/* Begin PBXCopyFilesBuildPhase section */
		D36B2AE228BCA3D5007AE97A /* Embed App Extensions */ = {
			isa = PBXCopyFilesBuildPhase;
			buildActionMask = 2147483647;
			dstPath = "";
			dstSubfolderSpec = 13;
			files = (
				D36B2ADE28BCA3D5007AE97A /* Extension.appex in Embed App Extensions */,
			);
			name = "Embed App Extensions";
			runOnlyForDeploymentPostprocessing = 0;
		};
/* End PBXCopyFilesBuildPhase section */

/* Begin PBXFileReference section */
		D36B2AB428BC9D7F007AE97A /* P19_Safari_Extension.app */ = {isa = PBXFileReference; explicitFileType = wrapper.application; includeInIndex = 0; path = P19_Safari_Extension.app; sourceTree = BUILT_PRODUCTS_DIR; };
		D36B2AB728BC9D7F007AE97A /* AppDelegate.swift */ = {isa = PBXFileReference; lastKnownFileType = sourcecode.swift; path = AppDelegate.swift; sourceTree = "<group>"; };
		D36B2AB928BC9D7F007AE97A /* SceneDelegate.swift */ = {isa = PBXFileReference; lastKnownFileType = sourcecode.swift; path = SceneDelegate.swift; sourceTree = "<group>"; };
		D36B2ABB28BC9D7F007AE97A /* ViewController.swift */ = {isa = PBXFileReference; lastKnownFileType = sourcecode.swift; path = ViewController.swift; sourceTree = "<group>"; };
		D36B2ABE28BC9D7F007AE97A /* Base */ = {isa = PBXFileReference; lastKnownFileType = file.storyboard; name = Base; path = Base.lproj/Main.storyboard; sourceTree = "<group>"; };
		D36B2AC028BC9D81007AE97A /* Assets.xcassets */ = {isa = PBXFileReference; lastKnownFileType = folder.assetcatalog; path = Assets.xcassets; sourceTree = "<group>"; };
		D36B2AC328BC9D81007AE97A /* Base */ = {isa = PBXFileReference; lastKnownFileType = file.storyboard; name = Base; path = Base.lproj/LaunchScreen.storyboard; sourceTree = "<group>"; };
		D36B2AC528BC9D81007AE97A /* Info.plist */ = {isa = PBXFileReference; lastKnownFileType = text.plist.xml; path = Info.plist; sourceTree = "<group>"; };
		D36B2ACF28BCA3D5007AE97A /* Extension.appex */ = {isa = PBXFileReference; explicitFileType = "wrapper.app-extension"; includeInIndex = 0; path = Extension.appex; sourceTree = BUILT_PRODUCTS_DIR; };
		D36B2AD128BCA3D5007AE97A /* UniformTypeIdentifiers.framework */ = {isa = PBXFileReference; lastKnownFileType = wrapper.framework; name = UniformTypeIdentifiers.framework; path = System/Library/Frameworks/UniformTypeIdentifiers.framework; sourceTree = SDKROOT; };
		D36B2AD428BCA3D5007AE97A /* Media.xcassets */ = {isa = PBXFileReference; lastKnownFileType = folder.assetcatalog; path = Media.xcassets; sourceTree = "<group>"; };
		D36B2AD628BCA3D5007AE97A /* ActionViewController.swift */ = {isa = PBXFileReference; lastKnownFileType = sourcecode.swift; path = ActionViewController.swift; sourceTree = "<group>"; };
		D36B2AD928BCA3D5007AE97A /* Base */ = {isa = PBXFileReference; lastKnownFileType = file.storyboard; name = Base; path = Base.lproj/MainInterface.storyboard; sourceTree = "<group>"; };
		D36B2ADB28BCA3D5007AE97A /* Info.plist */ = {isa = PBXFileReference; lastKnownFileType = text.plist.xml; path = Info.plist; sourceTree = "<group>"; };
		D36B2AE328BCB2F6007AE97A /* Action.js */ = {isa = PBXFileReference; lastKnownFileType = sourcecode.javascript; path = Action.js; sourceTree = "<group>"; };
		D36B2AE528BCF034007AE97A /* Scripts.swift */ = {isa = PBXFileReference; lastKnownFileType = sourcecode.swift; path = Scripts.swift; sourceTree = "<group>"; };
		D36B2AE728BD0181007AE97A /* UserScript.swift */ = {isa = PBXFileReference; lastKnownFileType = sourcecode.swift; path = UserScript.swift; sourceTree = "<group>"; };
/* End PBXFileReference section */

/* Begin PBXFrameworksBuildPhase section */
		D36B2AB128BC9D7F007AE97A /* Frameworks */ = {
			isa = PBXFrameworksBuildPhase;
			buildActionMask = 2147483647;
			files = (
			);
			runOnlyForDeploymentPostprocessing = 0;
		};
		D36B2ACC28BCA3D5007AE97A /* Frameworks */ = {
			isa = PBXFrameworksBuildPhase;
			buildActionMask = 2147483647;
			files = (
				D36B2AD228BCA3D5007AE97A /* UniformTypeIdentifiers.framework in Frameworks */,
			);
			runOnlyForDeploymentPostprocessing = 0;
		};
/* End PBXFrameworksBuildPhase section */

/* Begin PBXGroup section */
		D36B2AAB28BC9D7F007AE97A = {
			isa = PBXGroup;
			children = (
				D36B2AB628BC9D7F007AE97A /* P19_Safari_Extension */,
				D36B2AD328BCA3D5007AE97A /* Extension */,
				D36B2AD028BCA3D5007AE97A /* Frameworks */,
				D36B2AB528BC9D7F007AE97A /* Products */,
			);
			sourceTree = "<group>";
		};
		D36B2AB528BC9D7F007AE97A /* Products */ = {
			isa = PBXGroup;
			children = (
				D36B2AB428BC9D7F007AE97A /* P19_Safari_Extension.app */,
				D36B2ACF28BCA3D5007AE97A /* Extension.appex */,
			);
			name = Products;
			sourceTree = "<group>";
		};
		D36B2AB628BC9D7F007AE97A /* P19_Safari_Extension */ = {
			isa = PBXGroup;
			children = (
				D36B2AB728BC9D7F007AE97A /* AppDelegate.swift */,
				D36B2AB928BC9D7F007AE97A /* SceneDelegate.swift */,
				D36B2ABB28BC9D7F007AE97A /* ViewController.swift */,
				D36B2ABD28BC9D7F007AE97A /* Main.storyboard */,
				D36B2AC028BC9D81007AE97A /* Assets.xcassets */,
				D36B2AC228BC9D81007AE97A /* LaunchScreen.storyboard */,
				D36B2AC528BC9D81007AE97A /* Info.plist */,
			);
			path = P19_Safari_Extension;
			sourceTree = "<group>";
		};
		D36B2AD028BCA3D5007AE97A /* Frameworks */ = {
			isa = PBXGroup;
			children = (
				D36B2AD128BCA3D5007AE97A /* UniformTypeIdentifiers.framework */,
			);
			name = Frameworks;
			sourceTree = "<group>";
		};
		D36B2AD328BCA3D5007AE97A /* Extension */ = {
			isa = PBXGroup;
			children = (
				D36B2AD428BCA3D5007AE97A /* Media.xcassets */,
				D36B2AD628BCA3D5007AE97A /* ActionViewController.swift */,
				D36B2AE728BD0181007AE97A /* UserScript.swift */,
				D36B2AE528BCF034007AE97A /* Scripts.swift */,
				D36B2AD828BCA3D5007AE97A /* MainInterface.storyboard */,
				D36B2ADB28BCA3D5007AE97A /* Info.plist */,
				D36B2AE328BCB2F6007AE97A /* Action.js */,
			);
			path = Extension;
			sourceTree = "<group>";
		};
/* End PBXGroup section */

/* Begin PBXNativeTarget section */
		D36B2AB328BC9D7F007AE97A /* P19_Safari_Extension */ = {
			isa = PBXNativeTarget;
			buildConfigurationList = D36B2AC828BC9D81007AE97A /* Build configuration list for PBXNativeTarget "P19_Safari_Extension" */;
			buildPhases = (
				D36B2AB028BC9D7F007AE97A /* Sources */,
				D36B2AB128BC9D7F007AE97A /* Frameworks */,
				D36B2AB228BC9D7F007AE97A /* Resources */,
				D36B2AE228BCA3D5007AE97A /* Embed App Extensions */,
			);
			buildRules = (
			);
			dependencies = (
				D36B2ADD28BCA3D5007AE97A /* PBXTargetDependency */,
			);
			name = P19_Safari_Extension;
			productName = P19_Safari_Extension;
			productReference = D36B2AB428BC9D7F007AE97A /* P19_Safari_Extension.app */;
			productType = "com.apple.product-type.application";
		};
		D36B2ACE28BCA3D5007AE97A /* Extension */ = {
			isa = PBXNativeTarget;
			buildConfigurationList = D36B2ADF28BCA3D5007AE97A /* Build configuration list for PBXNativeTarget "Extension" */;
			buildPhases = (
				D36B2ACB28BCA3D5007AE97A /* Sources */,
				D36B2ACC28BCA3D5007AE97A /* Frameworks */,
				D36B2ACD28BCA3D5007AE97A /* Resources */,
			);
			buildRules = (
			);
			dependencies = (
			);
			name = Extension;
			productName = Extension;
			productReference = D36B2ACF28BCA3D5007AE97A /* Extension.appex */;
			productType = "com.apple.product-type.app-extension";
		};
/* End PBXNativeTarget section */

/* Begin PBXProject section */
		D36B2AAC28BC9D7F007AE97A /* Project object */ = {
			isa = PBXProject;
			attributes = {
				BuildIndependentTargetsInParallel = 1;
				LastSwiftUpdateCheck = 1340;
				LastUpgradeCheck = 1340;
				TargetAttributes = {
					D36B2AB328BC9D7F007AE97A = {
						CreatedOnToolsVersion = 13.4.1;
					};
					D36B2ACE28BCA3D5007AE97A = {
						CreatedOnToolsVersion = 13.4.1;
					};
				};
			};
			buildConfigurationList = D36B2AAF28BC9D7F007AE97A /* Build configuration list for PBXProject "P19_Safari_Extension" */;
			compatibilityVersion = "Xcode 13.0";
			developmentRegion = en;
			hasScannedForEncodings = 0;
			knownRegions = (
				en,
				Base,
			);
			mainGroup = D36B2AAB28BC9D7F007AE97A;
			productRefGroup = D36B2AB528BC9D7F007AE97A /* Products */;
			projectDirPath = "";
			projectRoot = "";
			targets = (
				D36B2AB328BC9D7F007AE97A /* P19_Safari_Extension */,
				D36B2ACE28BCA3D5007AE97A /* Extension */,
			);
		};
/* End PBXProject section */

/* Begin PBXResourcesBuildPhase section */
		D36B2AB228BC9D7F007AE97A /* Resources */ = {
			isa = PBXResourcesBuildPhase;
			buildActionMask = 2147483647;
			files = (
				D36B2AC428BC9D81007AE97A /* LaunchScreen.storyboard in Resources */,
				D36B2AC128BC9D81007AE97A /* Assets.xcassets in Resources */,
				D36B2ABF28BC9D7F007AE97A /* Main.storyboard in Resources */,
			);
			runOnlyForDeploymentPostprocessing = 0;
		};
		D36B2ACD28BCA3D5007AE97A /* Resources */ = {
			isa = PBXResourcesBuildPhase;
			buildActionMask = 2147483647;
			files = (
				D36B2AE428BCB2F6007AE97A /* Action.js in Resources */,
				D36B2AD528BCA3D5007AE97A /* Media.xcassets in Resources */,
				D36B2ADA28BCA3D5007AE97A /* MainInterface.storyboard in Resources */,
			);
			runOnlyForDeploymentPostprocessing = 0;
		};
/* End PBXResourcesBuildPhase section */

/* Begin PBXSourcesBuildPhase section */
		D36B2AB028BC9D7F007AE97A /* Sources */ = {
			isa = PBXSourcesBuildPhase;
			buildActionMask = 2147483647;
			files = (
				D36B2ABC28BC9D7F007AE97A /* ViewController.swift in Sources */,
				D36B2AB828BC9D7F007AE97A /* AppDelegate.swift in Sources */,
				D36B2ABA28BC9D7F007AE97A /* SceneDelegate.swift in Sources */,
			);
			runOnlyForDeploymentPostprocessing = 0;
		};
		D36B2ACB28BCA3D5007AE97A /* Sources */ = {
			isa = PBXSourcesBuildPhase;
			buildActionMask = 2147483647;
			files = (
				D36B2AE828BD0181007AE97A /* UserScript.swift in Sources */,
				D36B2AE628BCF034007AE97A /* Scripts.swift in Sources */,
				D36B2AD728BCA3D5007AE97A /* ActionViewController.swift in Sources */,
			);
			runOnlyForDeploymentPostprocessing = 0;
		};
/* End PBXSourcesBuildPhase section */

/* Begin PBXTargetDependency section */
		D36B2ADD28BCA3D5007AE97A /* PBXTargetDependency */ = {
			isa = PBXTargetDependency;
			target = D36B2ACE28BCA3D5007AE97A /* Extension */;
			targetProxy = D36B2ADC28BCA3D5007AE97A /* PBXContainerItemProxy */;
		};
/* End PBXTargetDependency section */

/* Begin PBXVariantGroup section */
		D36B2ABD28BC9D7F007AE97A /* Main.storyboard */ = {
			isa = PBXVariantGroup;
			children = (
				D36B2ABE28BC9D7F007AE97A /* Base */,
			);
			name = Main.storyboard;
			sourceTree = "<group>";
		};
		D36B2AC228BC9D81007AE97A /* LaunchScreen.storyboard */ = {
			isa = PBXVariantGroup;
			children = (
				D36B2AC328BC9D81007AE97A /* Base */,
			);
			name = LaunchScreen.storyboard;
			sourceTree = "<group>";
		};
		D36B2AD828BCA3D5007AE97A /* MainInterface.storyboard */ = {
			isa = PBXVariantGroup;
			children = (
				D36B2AD928BCA3D5007AE97A /* Base */,
			);
			name = MainInterface.storyboard;
			sourceTree = "<group>";
		};
/* End PBXVariantGroup section */

/* Begin XCBuildConfiguration section */
		D36B2AC628BC9D81007AE97A /* Debug */ = {
			isa = XCBuildConfiguration;
			buildSettings = {
				ALWAYS_SEARCH_USER_PATHS = NO;
				CLANG_ANALYZER_NONNULL = YES;
				CLANG_ANALYZER_NUMBER_OBJECT_CONVERSION = YES_AGGRESSIVE;
				CLANG_CXX_LANGUAGE_STANDARD = "gnu++17";
				CLANG_ENABLE_MODULES = YES;
				CLANG_ENABLE_OBJC_ARC = YES;
				CLANG_ENABLE_OBJC_WEAK = YES;
				CLANG_WARN_BLOCK_CAPTURE_AUTORELEASING = YES;
				CLANG_WARN_BOOL_CONVERSION = YES;
				CLANG_WARN_COMMA = YES;
				CLANG_WARN_CONSTANT_CONVERSION = YES;
				CLANG_WARN_DEPRECATED_OBJC_IMPLEMENTATIONS = YES;
				CLANG_WARN_DIRECT_OBJC_ISA_USAGE = YES_ERROR;
				CLANG_WARN_DOCUMENTATION_COMMENTS = YES;
				CLANG_WARN_EMPTY_BODY = YES;
				CLANG_WARN_ENUM_CONVERSION = YES;
				CLANG_WARN_INFINITE_RECURSION = YES;
				CLANG_WARN_INT_CONVERSION = YES;
				CLANG_WARN_NON_LITERAL_NULL_CONVERSION = YES;
				CLANG_WARN_OBJC_IMPLICIT_RETAIN_SELF = YES;
				CLANG_WARN_OBJC_LITERAL_CONVERSION = YES;
				CLANG_WARN_OBJC_ROOT_CLASS = YES_ERROR;
				CLANG_WARN_QUOTED_INCLUDE_IN_FRAMEWORK_HEADER = YES;
				CLANG_WARN_RANGE_LOOP_ANALYSIS = YES;
				CLANG_WARN_STRICT_PROTOTYPES = YES;
				CLANG_WARN_SUSPICIOUS_MOVE = YES;
				CLANG_WARN_UNGUARDED_AVAILABILITY = YES_AGGRESSIVE;
				CLANG_WARN_UNREACHABLE_CODE = YES;
				CLANG_WARN__DUPLICATE_METHOD_MATCH = YES;
				COPY_PHASE_STRIP = NO;
				DEBUG_INFORMATION_FORMAT = dwarf;
				ENABLE_STRICT_OBJC_MSGSEND = YES;
				ENABLE_TESTABILITY = YES;
				GCC_C_LANGUAGE_STANDARD = gnu11;
				GCC_DYNAMIC_NO_PIC = NO;
				GCC_NO_COMMON_BLOCKS = YES;
				GCC_OPTIMIZATION_LEVEL = 0;
				GCC_PREPROCESSOR_DEFINITIONS = (
					"DEBUG=1",
					"$(inherited)",
				);
				GCC_WARN_64_TO_32_BIT_CONVERSION = YES;
				GCC_WARN_ABOUT_RETURN_TYPE = YES_ERROR;
				GCC_WARN_UNDECLARED_SELECTOR = YES;
				GCC_WARN_UNINITIALIZED_AUTOS = YES_AGGRESSIVE;
				GCC_WARN_UNUSED_FUNCTION = YES;
				GCC_WARN_UNUSED_VARIABLE = YES;
				IPHONEOS_DEPLOYMENT_TARGET = 15.5;
				MTL_ENABLE_DEBUG_INFO = INCLUDE_SOURCE;
				MTL_FAST_MATH = YES;
				ONLY_ACTIVE_ARCH = YES;
				SDKROOT = iphoneos;
				SWIFT_ACTIVE_COMPILATION_CONDITIONS = DEBUG;
				SWIFT_OPTIMIZATION_LEVEL = "-Onone";
			};
			name = Debug;
		};
		D36B2AC728BC9D81007AE97A /* Release */ = {
			isa = XCBuildConfiguration;
			buildSettings = {
				ALWAYS_SEARCH_USER_PATHS = NO;
				CLANG_ANALYZER_NONNULL = YES;
				CLANG_ANALYZER_NUMBER_OBJECT_CONVERSION = YES_AGGRESSIVE;
				CLANG_CXX_LANGUAGE_STANDARD = "gnu++17";
				CLANG_ENABLE_MODULES = YES;
				CLANG_ENABLE_OBJC_ARC = YES;
				CLANG_ENABLE_OBJC_WEAK = YES;
				CLANG_WARN_BLOCK_CAPTURE_AUTORELEASING = YES;
				CLANG_WARN_BOOL_CONVERSION = YES;
				CLANG_WARN_COMMA = YES;
				CLANG_WARN_CONSTANT_CONVERSION = YES;
				CLANG_WARN_DEPRECATED_OBJC_IMPLEMENTATIONS = YES;
				CLANG_WARN_DIRECT_OBJC_ISA_USAGE = YES_ERROR;
				CLANG_WARN_DOCUMENTATION_COMMENTS = YES;
				CLANG_WARN_EMPTY_BODY = YES;
				CLANG_WARN_ENUM_CONVERSION = YES;
				CLANG_WARN_INFINITE_RECURSION = YES;
				CLANG_WARN_INT_CONVERSION = YES;
				CLANG_WARN_NON_LITERAL_NULL_CONVERSION = YES;
				CLANG_WARN_OBJC_IMPLICIT_RETAIN_SELF = YES;
				CLANG_WARN_OBJC_LITERAL_CONVERSION = YES;
				CLANG_WARN_OBJC_ROOT_CLASS = YES_ERROR;
				CLANG_WARN_QUOTED_INCLUDE_IN_FRAMEWORK_HEADER = YES;
				CLANG_WARN_RANGE_LOOP_ANALYSIS = YES;
				CLANG_WARN_STRICT_PROTOTYPES = YES;
				CLANG_WARN_SUSPICIOUS_MOVE = YES;
				CLANG_WARN_UNGUARDED_AVAILABILITY = YES_AGGRESSIVE;
				CLANG_WARN_UNREACHABLE_CODE = YES;
				CLANG_WARN__DUPLICATE_METHOD_MATCH = YES;
				COPY_PHASE_STRIP = NO;
				DEBUG_INFORMATION_FORMAT = "dwarf-with-dsym";
				ENABLE_NS_ASSERTIONS = NO;
				ENABLE_STRICT_OBJC_MSGSEND = YES;
				GCC_C_LANGUAGE_STANDARD = gnu11;
				GCC_NO_COMMON_BLOCKS = YES;
				GCC_WARN_64_TO_32_BIT_CONVERSION = YES;
				GCC_WARN_ABOUT_RETURN_TYPE = YES_ERROR;
				GCC_WARN_UNDECLARED_SELECTOR = YES;
				GCC_WARN_UNINITIALIZED_AUTOS = YES_AGGRESSIVE;
				GCC_WARN_UNUSED_FUNCTION = YES;
				GCC_WARN_UNUSED_VARIABLE = YES;
				IPHONEOS_DEPLOYMENT_TARGET = 15.5;
				MTL_ENABLE_DEBUG_INFO = NO;
				MTL_FAST_MATH = YES;
				SDKROOT = iphoneos;
				SWIFT_COMPILATION_MODE = wholemodule;
				SWIFT_OPTIMIZATION_LEVEL = "-O";
				VALIDATE_PRODUCT = YES;
			};
			name = Release;
		};
		D36B2AC928BC9D81007AE97A /* Debug */ = {
			isa = XCBuildConfiguration;
			buildSettings = {
				ALWAYS_EMBED_SWIFT_STANDARD_LIBRARIES = YES;
				ASSETCATALOG_COMPILER_APPICON_NAME = AppIcon;
				ASSETCATALOG_COMPILER_GLOBAL_ACCENT_COLOR_NAME = AccentColor;
				CODE_SIGN_STYLE = Automatic;
				CURRENT_PROJECT_VERSION = 1;
				DEVELOPMENT_TEAM = 4JZ68K34BA;
				GENERATE_INFOPLIST_FILE = YES;
				INFOPLIST_FILE = P19_Safari_Extension/Info.plist;
				INFOPLIST_KEY_UIApplicationSupportsIndirectInputEvents = YES;
				INFOPLIST_KEY_UILaunchStoryboardName = LaunchScreen;
				INFOPLIST_KEY_UIMainStoryboardFile = Main;
				INFOPLIST_KEY_UISupportedInterfaceOrientations_iPad = "UIInterfaceOrientationPortrait UIInterfaceOrientationPortraitUpsideDown UIInterfaceOrientationLandscapeLeft UIInterfaceOrientationLandscapeRight";
				INFOPLIST_KEY_UISupportedInterfaceOrientations_iPhone = "UIInterfaceOrientationPortrait UIInterfaceOrientationLandscapeLeft UIInterfaceOrientationLandscapeRight";
				LD_RUNPATH_SEARCH_PATHS = (
					"$(inherited)",
					"@executable_path/Frameworks",
				);
				MARKETING_VERSION = 1.0;
				PRODUCT_BUNDLE_IDENTIFIER = "com.laurakciic.P19-Safari-Extension";
				PRODUCT_NAME = "$(TARGET_NAME)";
				SWIFT_EMIT_LOC_STRINGS = YES;
				SWIFT_VERSION = 5.0;
				TARGETED_DEVICE_FAMILY = "1,2";
			};
			name = Debug;
		};
		D36B2ACA28BC9D81007AE97A /* Release */ = {
			isa = XCBuildConfiguration;
			buildSettings = {
				ALWAYS_EMBED_SWIFT_STANDARD_LIBRARIES = YES;
				ASSETCATALOG_COMPILER_APPICON_NAME = AppIcon;
				ASSETCATALOG_COMPILER_GLOBAL_ACCENT_COLOR_NAME = AccentColor;
				CODE_SIGN_STYLE = Automatic;
				CURRENT_PROJECT_VERSION = 1;
				DEVELOPMENT_TEAM = 4JZ68K34BA;
				GENERATE_INFOPLIST_FILE = YES;
				INFOPLIST_FILE = P19_Safari_Extension/Info.plist;
				INFOPLIST_KEY_UIApplicationSupportsIndirectInputEvents = YES;
				INFOPLIST_KEY_UILaunchStoryboardName = LaunchScreen;
				INFOPLIST_KEY_UIMainStoryboardFile = Main;
				INFOPLIST_KEY_UISupportedInterfaceOrientations_iPad = "UIInterfaceOrientationPortrait UIInterfaceOrientationPortraitUpsideDown UIInterfaceOrientationLandscapeLeft UIInterfaceOrientationLandscapeRight";
				INFOPLIST_KEY_UISupportedInterfaceOrientations_iPhone = "UIInterfaceOrientationPortrait UIInterfaceOrientationLandscapeLeft UIInterfaceOrientationLandscapeRight";
				LD_RUNPATH_SEARCH_PATHS = (
					"$(inherited)",
					"@executable_path/Frameworks",
				);
				MARKETING_VERSION = 1.0;
				PRODUCT_BUNDLE_IDENTIFIER = "com.laurakciic.P19-Safari-Extension";
				PRODUCT_NAME = "$(TARGET_NAME)";
				SWIFT_EMIT_LOC_STRINGS = YES;
				SWIFT_VERSION = 5.0;
				TARGETED_DEVICE_FAMILY = "1,2";
			};
			name = Release;
		};
		D36B2AE028BCA3D5007AE97A /* Debug */ = {
			isa = XCBuildConfiguration;
			buildSettings = {
				CODE_SIGN_STYLE = Automatic;
				CURRENT_PROJECT_VERSION = 1;
				DEVELOPMENT_TEAM = 4JZ68K34BA;
				GENERATE_INFOPLIST_FILE = YES;
				INFOPLIST_FILE = Extension/Info.plist;
				INFOPLIST_KEY_CFBundleDisplayName = Extension;
				INFOPLIST_KEY_NSHumanReadableCopyright = "";
				LD_RUNPATH_SEARCH_PATHS = (
					"$(inherited)",
					"@executable_path/Frameworks",
					"@executable_path/../../Frameworks",
				);
				MARKETING_VERSION = 1.0;
				PRODUCT_BUNDLE_IDENTIFIER = "com.laurakciic.P19-Safari-Extension.Extension";
				PRODUCT_NAME = "$(TARGET_NAME)";
				SKIP_INSTALL = YES;
				SWIFT_EMIT_LOC_STRINGS = YES;
				SWIFT_VERSION = 5.0;
				TARGETED_DEVICE_FAMILY = "1,2";
			};
			name = Debug;
		};
		D36B2AE128BCA3D5007AE97A /* Release */ = {
			isa = XCBuildConfiguration;
			buildSettings = {
				CODE_SIGN_STYLE = Automatic;
				CURRENT_PROJECT_VERSION = 1;
				DEVELOPMENT_TEAM = 4JZ68K34BA;
				GENERATE_INFOPLIST_FILE = YES;
				INFOPLIST_FILE = Extension/Info.plist;
				INFOPLIST_KEY_CFBundleDisplayName = Extension;
				INFOPLIST_KEY_NSHumanReadableCopyright = "";
				LD_RUNPATH_SEARCH_PATHS = (
					"$(inherited)",
					"@executable_path/Frameworks",
					"@executable_path/../../Frameworks",
				);
				MARKETING_VERSION = 1.0;
				PRODUCT_BUNDLE_IDENTIFIER = "com.laurakciic.P19-Safari-Extension.Extension";
				PRODUCT_NAME = "$(TARGET_NAME)";
				SKIP_INSTALL = YES;
				SWIFT_EMIT_LOC_STRINGS = YES;
				SWIFT_VERSION = 5.0;
				TARGETED_DEVICE_FAMILY = "1,2";
			};
			name = Release;
		};
/* End XCBuildConfiguration section */

/* Begin XCConfigurationList section */
		D36B2AAF28BC9D7F007AE97A /* Build configuration list for PBXProject "P19_Safari_Extension" */ = {
			isa = XCConfigurationList;
			buildConfigurations = (
				D36B2AC628BC9D81007AE97A /* Debug */,
				D36B2AC728BC9D81007AE97A /* Release */,
			);
			defaultConfigurationIsVisible = 0;
			defaultConfigurationName = Release;
		};
		D36B2AC828BC9D81007AE97A /* Build configuration list for PBXNativeTarget "P19_Safari_Extension" */ = {
			isa = XCConfigurationList;
			buildConfigurations = (
				D36B2AC928BC9D81007AE97A /* Debug */,
				D36B2ACA28BC9D81007AE97A /* Release */,
			);
			defaultConfigurationIsVisible = 0;
			defaultConfigurationName = Release;
		};
		D36B2ADF28BCA3D5007AE97A /* Build configuration list for PBXNativeTarget "Extension" */ = {
			isa = XCConfigurationList;
			buildConfigurations = (
				D36B2AE028BCA3D5007AE97A /* Debug */,
				D36B2AE128BCA3D5007AE97A /* Release */,
			);
			defaultConfigurationIsVisible = 0;
			defaultConfigurationName = Release;
		};
/* End XCConfigurationList section */
	};
	rootObject = D36B2AAC28BC9D7F007AE97A /* Project object */;
}
