// !$*UTF8*$!
{
	archiveVersion = 1;
	classes = {
	};
	objectVersion = 55;
	objects = {

/* Begin PBXBuildFile section */
		D30D9CA528A374E30076A32D /* spain@2x.png in Resources */ = {isa = PBXBuildFile; fileRef = D30D9C8D28A374E30076A32D /* spain@2x.png */; };
		D30D9CA628A374E30076A32D /* nigeria@2x.png in Resources */ = {isa = PBXBuildFile; fileRef = D30D9C8E28A374E30076A32D /* nigeria@2x.png */; };
		D30D9CA728A374E30076A32D /* nigeria@3x.png in Resources */ = {isa = PBXBuildFile; fileRef = D30D9C8F28A374E30076A32D /* nigeria@3x.png */; };
		D30D9CA828A374E30076A32D /* spain@3x.png in Resources */ = {isa = PBXBuildFile; fileRef = D30D9C9028A374E30076A32D /* spain@3x.png */; };
		D30D9CA928A374E30076A32D /* italy@3x.png in Resources */ = {isa = PBXBuildFile; fileRef = D30D9C9128A374E30076A32D /* italy@3x.png */; };
		D30D9CAA28A374E30076A32D /* ireland@2x.png in Resources */ = {isa = PBXBuildFile; fileRef = D30D9C9228A374E30076A32D /* ireland@2x.png */; };
		D30D9CAB28A374E30076A32D /* germany@3x.png in Resources */ = {isa = PBXBuildFile; fileRef = D30D9C9328A374E30076A32D /* germany@3x.png */; };
		D30D9CAC28A374E30076A32D /* germany@2x.png in Resources */ = {isa = PBXBuildFile; fileRef = D30D9C9428A374E30076A32D /* germany@2x.png */; };
		D30D9CAD28A374E30076A32D /* ireland@3x.png in Resources */ = {isa = PBXBuildFile; fileRef = D30D9C9528A374E30076A32D /* ireland@3x.png */; };
		D30D9CAE28A374E30076A32D /* italy@2x.png in Resources */ = {isa = PBXBuildFile; fileRef = D30D9C9628A374E30076A32D /* italy@2x.png */; };
		D30D9CAF28A374E30076A32D /* poland@2x.png in Resources */ = {isa = PBXBuildFile; fileRef = D30D9C9728A374E30076A32D /* poland@2x.png */; };
		D30D9CB028A374E30076A32D /* russia@2x.png in Resources */ = {isa = PBXBuildFile; fileRef = D30D9C9828A374E30076A32D /* russia@2x.png */; };
		D30D9CB128A374E30076A32D /* estonia@2x.png in Resources */ = {isa = PBXBuildFile; fileRef = D30D9C9928A374E30076A32D /* estonia@2x.png */; };
		D30D9CB228A374E30076A32D /* estonia@3x.png in Resources */ = {isa = PBXBuildFile; fileRef = D30D9C9A28A374E30076A32D /* estonia@3x.png */; };
		D30D9CB328A374E30076A32D /* russia@3x.png in Resources */ = {isa = PBXBuildFile; fileRef = D30D9C9B28A374E30076A32D /* russia@3x.png */; };
		D30D9CB428A374E30076A32D /* poland@3x.png in Resources */ = {isa = PBXBuildFile; fileRef = D30D9C9C28A374E30076A32D /* poland@3x.png */; };
		D30D9CB528A374E30076A32D /* uk@3x.png in Resources */ = {isa = PBXBuildFile; fileRef = D30D9C9D28A374E30076A32D /* uk@3x.png */; };
		D30D9CB628A374E30076A32D /* us@3x.png in Resources */ = {isa = PBXBuildFile; fileRef = D30D9C9E28A374E30076A32D /* us@3x.png */; };
		D30D9CB728A374E30076A32D /* france@3x.png in Resources */ = {isa = PBXBuildFile; fileRef = D30D9C9F28A374E30076A32D /* france@3x.png */; };
		D30D9CB828A374E30076A32D /* monaco@2x.png in Resources */ = {isa = PBXBuildFile; fileRef = D30D9CA028A374E30076A32D /* monaco@2x.png */; };
		D30D9CB928A374E30076A32D /* monaco@3x.png in Resources */ = {isa = PBXBuildFile; fileRef = D30D9CA128A374E30076A32D /* monaco@3x.png */; };
		D30D9CBA28A374E30076A32D /* france@2x.png in Resources */ = {isa = PBXBuildFile; fileRef = D30D9CA228A374E30076A32D /* france@2x.png */; };
		D30D9CBB28A374E30076A32D /* us@2x.png in Resources */ = {isa = PBXBuildFile; fileRef = D30D9CA328A374E30076A32D /* us@2x.png */; };
		D30D9CBC28A374E30076A32D /* uk@2x.png in Resources */ = {isa = PBXBuildFile; fileRef = D30D9CA428A374E30076A32D /* uk@2x.png */; };
		D30D9CC228A3AC9F0076A32D /* DetailViewController.swift in Sources */ = {isa = PBXBuildFile; fileRef = D30D9CC128A3AC9F0076A32D /* DetailViewController.swift */; };
		D3AF1B9028A36F3300458AB1 /* AppDelegate.swift in Sources */ = {isa = PBXBuildFile; fileRef = D3AF1B8F28A36F3300458AB1 /* AppDelegate.swift */; };
		D3AF1B9228A36F3300458AB1 /* SceneDelegate.swift in Sources */ = {isa = PBXBuildFile; fileRef = D3AF1B9128A36F3300458AB1 /* SceneDelegate.swift */; };
		D3AF1B9428A36F3300458AB1 /* ViewController.swift in Sources */ = {isa = PBXBuildFile; fileRef = D3AF1B9328A36F3300458AB1 /* ViewController.swift */; };
		D3AF1B9728A36F3300458AB1 /* Main.storyboard in Resources */ = {isa = PBXBuildFile; fileRef = D3AF1B9528A36F3300458AB1 /* Main.storyboard */; };
		D3AF1B9928A36F3400458AB1 /* Assets.xcassets in Resources */ = {isa = PBXBuildFile; fileRef = D3AF1B9828A36F3400458AB1 /* Assets.xcassets */; };
		D3AF1B9C28A36F3400458AB1 /* LaunchScreen.storyboard in Resources */ = {isa = PBXBuildFile; fileRef = D3AF1B9A28A36F3400458AB1 /* LaunchScreen.storyboard */; };
/* End PBXBuildFile section */

/* Begin PBXFileReference section */
		D30D9C8D28A374E30076A32D /* spain@2x.png */ = {isa = PBXFileReference; lastKnownFileType = image.png; path = "spain@2x.png"; sourceTree = "<group>"; };
		D30D9C8E28A374E30076A32D /* nigeria@2x.png */ = {isa = PBXFileReference; lastKnownFileType = image.png; path = "nigeria@2x.png"; sourceTree = "<group>"; };
		D30D9C8F28A374E30076A32D /* nigeria@3x.png */ = {isa = PBXFileReference; lastKnownFileType = image.png; path = "nigeria@3x.png"; sourceTree = "<group>"; };
		D30D9C9028A374E30076A32D /* spain@3x.png */ = {isa = PBXFileReference; lastKnownFileType = image.png; path = "spain@3x.png"; sourceTree = "<group>"; };
		D30D9C9128A374E30076A32D /* italy@3x.png */ = {isa = PBXFileReference; lastKnownFileType = image.png; path = "italy@3x.png"; sourceTree = "<group>"; };
		D30D9C9228A374E30076A32D /* ireland@2x.png */ = {isa = PBXFileReference; lastKnownFileType = image.png; path = "ireland@2x.png"; sourceTree = "<group>"; };
		D30D9C9328A374E30076A32D /* germany@3x.png */ = {isa = PBXFileReference; lastKnownFileType = image.png; path = "germany@3x.png"; sourceTree = "<group>"; };
		D30D9C9428A374E30076A32D /* germany@2x.png */ = {isa = PBXFileReference; lastKnownFileType = image.png; path = "germany@2x.png"; sourceTree = "<group>"; };
		D30D9C9528A374E30076A32D /* ireland@3x.png */ = {isa = PBXFileReference; lastKnownFileType = image.png; path = "ireland@3x.png"; sourceTree = "<group>"; };
		D30D9C9628A374E30076A32D /* italy@2x.png */ = {isa = PBXFileReference; lastKnownFileType = image.png; path = "italy@2x.png"; sourceTree = "<group>"; };
		D30D9C9728A374E30076A32D /* poland@2x.png */ = {isa = PBXFileReference; lastKnownFileType = image.png; path = "poland@2x.png"; sourceTree = "<group>"; };
		D30D9C9828A374E30076A32D /* russia@2x.png */ = {isa = PBXFileReference; lastKnownFileType = image.png; path = "russia@2x.png"; sourceTree = "<group>"; };
		D30D9C9928A374E30076A32D /* estonia@2x.png */ = {isa = PBXFileReference; lastKnownFileType = image.png; path = "estonia@2x.png"; sourceTree = "<group>"; };
		D30D9C9A28A374E30076A32D /* estonia@3x.png */ = {isa = PBXFileReference; lastKnownFileType = image.png; path = "estonia@3x.png"; sourceTree = "<group>"; };
		D30D9C9B28A374E30076A32D /* russia@3x.png */ = {isa = PBXFileReference; lastKnownFileType = image.png; path = "russia@3x.png"; sourceTree = "<group>"; };
		D30D9C9C28A374E30076A32D /* poland@3x.png */ = {isa = PBXFileReference; lastKnownFileType = image.png; path = "poland@3x.png"; sourceTree = "<group>"; };
		D30D9C9D28A374E30076A32D /* uk@3x.png */ = {isa = PBXFileReference; lastKnownFileType = image.png; path = "uk@3x.png"; sourceTree = "<group>"; };
		D30D9C9E28A374E30076A32D /* us@3x.png */ = {isa = PBXFileReference; lastKnownFileType = image.png; path = "us@3x.png"; sourceTree = "<group>"; };
		D30D9C9F28A374E30076A32D /* france@3x.png */ = {isa = PBXFileReference; lastKnownFileType = image.png; path = "france@3x.png"; sourceTree = "<group>"; };
		D30D9CA028A374E30076A32D /* monaco@2x.png */ = {isa = PBXFileReference; lastKnownFileType = image.png; path = "monaco@2x.png"; sourceTree = "<group>"; };
		D30D9CA128A374E30076A32D /* monaco@3x.png */ = {isa = PBXFileReference; lastKnownFileType = image.png; path = "monaco@3x.png"; sourceTree = "<group>"; };
		D30D9CA228A374E30076A32D /* france@2x.png */ = {isa = PBXFileReference; lastKnownFileType = image.png; path = "france@2x.png"; sourceTree = "<group>"; };
		D30D9CA328A374E30076A32D /* us@2x.png */ = {isa = PBXFileReference; lastKnownFileType = image.png; path = "us@2x.png"; sourceTree = "<group>"; };
		D30D9CA428A374E30076A32D /* uk@2x.png */ = {isa = PBXFileReference; lastKnownFileType = image.png; path = "uk@2x.png"; sourceTree = "<group>"; };
		D30D9CC128A3AC9F0076A32D /* DetailViewController.swift */ = {isa = PBXFileReference; lastKnownFileType = sourcecode.swift; path = DetailViewController.swift; sourceTree = "<group>"; };
		D3AF1B8C28A36F3300458AB1 /* C1_AboutFlags.app */ = {isa = PBXFileReference; explicitFileType = wrapper.application; includeInIndex = 0; path = C1_AboutFlags.app; sourceTree = BUILT_PRODUCTS_DIR; };
		D3AF1B8F28A36F3300458AB1 /* AppDelegate.swift */ = {isa = PBXFileReference; lastKnownFileType = sourcecode.swift; path = AppDelegate.swift; sourceTree = "<group>"; };
		D3AF1B9128A36F3300458AB1 /* SceneDelegate.swift */ = {isa = PBXFileReference; lastKnownFileType = sourcecode.swift; path = SceneDelegate.swift; sourceTree = "<group>"; };
		D3AF1B9328A36F3300458AB1 /* ViewController.swift */ = {isa = PBXFileReference; lastKnownFileType = sourcecode.swift; path = ViewController.swift; sourceTree = "<group>"; };
		D3AF1B9628A36F3300458AB1 /* Base */ = {isa = PBXFileReference; lastKnownFileType = file.storyboard; name = Base; path = Base.lproj/Main.storyboard; sourceTree = "<group>"; };
		D3AF1B9828A36F3400458AB1 /* Assets.xcassets */ = {isa = PBXFileReference; lastKnownFileType = folder.assetcatalog; path = Assets.xcassets; sourceTree = "<group>"; };
		D3AF1B9B28A36F3400458AB1 /* Base */ = {isa = PBXFileReference; lastKnownFileType = file.storyboard; name = Base; path = Base.lproj/LaunchScreen.storyboard; sourceTree = "<group>"; };
		D3AF1B9D28A36F3400458AB1 /* Info.plist */ = {isa = PBXFileReference; lastKnownFileType = text.plist.xml; path = Info.plist; sourceTree = "<group>"; };
/* End PBXFileReference section */

/* Begin PBXFrameworksBuildPhase section */
		D3AF1B8928A36F3200458AB1 /* Frameworks */ = {
			isa = PBXFrameworksBuildPhase;
			buildActionMask = 2147483647;
			files = (
			);
			runOnlyForDeploymentPostprocessing = 0;
		};
/* End PBXFrameworksBuildPhase section */

/* Begin PBXGroup section */
		D30D9C8C28A374E30076A32D /* Content */ = {
			isa = PBXGroup;
			children = (
				D30D9C8D28A374E30076A32D /* spain@2x.png */,
				D30D9C8E28A374E30076A32D /* nigeria@2x.png */,
				D30D9C8F28A374E30076A32D /* nigeria@3x.png */,
				D30D9C9028A374E30076A32D /* spain@3x.png */,
				D30D9C9128A374E30076A32D /* italy@3x.png */,
				D30D9C9228A374E30076A32D /* ireland@2x.png */,
				D30D9C9328A374E30076A32D /* germany@3x.png */,
				D30D9C9428A374E30076A32D /* germany@2x.png */,
				D30D9C9528A374E30076A32D /* ireland@3x.png */,
				D30D9C9628A374E30076A32D /* italy@2x.png */,
				D30D9C9728A374E30076A32D /* poland@2x.png */,
				D30D9C9828A374E30076A32D /* russia@2x.png */,
				D30D9C9928A374E30076A32D /* estonia@2x.png */,
				D30D9C9A28A374E30076A32D /* estonia@3x.png */,
				D30D9C9B28A374E30076A32D /* russia@3x.png */,
				D30D9C9C28A374E30076A32D /* poland@3x.png */,
				D30D9C9D28A374E30076A32D /* uk@3x.png */,
				D30D9C9E28A374E30076A32D /* us@3x.png */,
				D30D9C9F28A374E30076A32D /* france@3x.png */,
				D30D9CA028A374E30076A32D /* monaco@2x.png */,
				D30D9CA128A374E30076A32D /* monaco@3x.png */,
				D30D9CA228A374E30076A32D /* france@2x.png */,
				D30D9CA328A374E30076A32D /* us@2x.png */,
				D30D9CA428A374E30076A32D /* uk@2x.png */,
			);
			path = Content;
			sourceTree = "<group>";
		};
		D3AF1B8328A36F3200458AB1 = {
			isa = PBXGroup;
			children = (
				D3AF1B8E28A36F3300458AB1 /* C1_AboutFlags */,
				D3AF1B8D28A36F3300458AB1 /* Products */,
			);
			sourceTree = "<group>";
		};
		D3AF1B8D28A36F3300458AB1 /* Products */ = {
			isa = PBXGroup;
			children = (
				D3AF1B8C28A36F3300458AB1 /* C1_AboutFlags.app */,
			);
			name = Products;
			sourceTree = "<group>";
		};
		D3AF1B8E28A36F3300458AB1 /* C1_AboutFlags */ = {
			isa = PBXGroup;
			children = (
				D3AF1B8F28A36F3300458AB1 /* AppDelegate.swift */,
				D3AF1B9128A36F3300458AB1 /* SceneDelegate.swift */,
				D3AF1B9328A36F3300458AB1 /* ViewController.swift */,
				D30D9CC128A3AC9F0076A32D /* DetailViewController.swift */,
				D3AF1B9528A36F3300458AB1 /* Main.storyboard */,
				D3AF1B9828A36F3400458AB1 /* Assets.xcassets */,
				D3AF1B9A28A36F3400458AB1 /* LaunchScreen.storyboard */,
				D3AF1B9D28A36F3400458AB1 /* Info.plist */,
				D30D9C8C28A374E30076A32D /* Content */,
			);
			path = C1_AboutFlags;
			sourceTree = "<group>";
		};
/* End PBXGroup section */

/* Begin PBXNativeTarget section */
		D3AF1B8B28A36F3200458AB1 /* C1_AboutFlags */ = {
			isa = PBXNativeTarget;
			buildConfigurationList = D3AF1BA028A36F3400458AB1 /* Build configuration list for PBXNativeTarget "C1_AboutFlags" */;
			buildPhases = (
				D3AF1B8828A36F3200458AB1 /* Sources */,
				D3AF1B8928A36F3200458AB1 /* Frameworks */,
				D3AF1B8A28A36F3200458AB1 /* Resources */,
			);
			buildRules = (
			);
			dependencies = (
			);
			name = C1_AboutFlags;
			productName = C1_AboutFlags;
			productReference = D3AF1B8C28A36F3300458AB1 /* C1_AboutFlags.app */;
			productType = "com.apple.product-type.application";
		};
/* End PBXNativeTarget section */

/* Begin PBXProject section */
		D3AF1B8428A36F3200458AB1 /* Project object */ = {
			isa = PBXProject;
			attributes = {
				BuildIndependentTargetsInParallel = 1;
				LastSwiftUpdateCheck = 1340;
				LastUpgradeCheck = 1340;
				TargetAttributes = {
					D3AF1B8B28A36F3200458AB1 = {
						CreatedOnToolsVersion = 13.4.1;
					};
				};
			};
			buildConfigurationList = D3AF1B8728A36F3200458AB1 /* Build configuration list for PBXProject "C1_AboutFlags" */;
			compatibilityVersion = "Xcode 13.0";
			developmentRegion = en;
			hasScannedForEncodings = 0;
			knownRegions = (
				en,
				Base,
			);
			mainGroup = D3AF1B8328A36F3200458AB1;
			productRefGroup = D3AF1B8D28A36F3300458AB1 /* Products */;
			projectDirPath = "";
			projectRoot = "";
			targets = (
				D3AF1B8B28A36F3200458AB1 /* C1_AboutFlags */,
			);
		};
/* End PBXProject section */

/* Begin PBXResourcesBuildPhase section */
		D3AF1B8A28A36F3200458AB1 /* Resources */ = {
			isa = PBXResourcesBuildPhase;
			buildActionMask = 2147483647;
			files = (
				D30D9CB928A374E30076A32D /* monaco@3x.png in Resources */,
				D30D9CA628A374E30076A32D /* nigeria@2x.png in Resources */,
				D30D9CBB28A374E30076A32D /* us@2x.png in Resources */,
				D30D9CA728A374E30076A32D /* nigeria@3x.png in Resources */,
				D30D9CB428A374E30076A32D /* poland@3x.png in Resources */,
				D30D9CB528A374E30076A32D /* uk@3x.png in Resources */,
				D30D9CBA28A374E30076A32D /* france@2x.png in Resources */,
				D30D9CAE28A374E30076A32D /* italy@2x.png in Resources */,
				D30D9CA528A374E30076A32D /* spain@2x.png in Resources */,
				D30D9CAB28A374E30076A32D /* germany@3x.png in Resources */,
				D3AF1B9C28A36F3400458AB1 /* LaunchScreen.storyboard in Resources */,
				D30D9CAF28A374E30076A32D /* poland@2x.png in Resources */,
				D3AF1B9928A36F3400458AB1 /* Assets.xcassets in Resources */,
				D30D9CA928A374E30076A32D /* italy@3x.png in Resources */,
				D30D9CB228A374E30076A32D /* estonia@3x.png in Resources */,
				D30D9CB828A374E30076A32D /* monaco@2x.png in Resources */,
				D3AF1B9728A36F3300458AB1 /* Main.storyboard in Resources */,
				D30D9CAA28A374E30076A32D /* ireland@2x.png in Resources */,
				D30D9CAC28A374E30076A32D /* germany@2x.png in Resources */,
				D30D9CB628A374E30076A32D /* us@3x.png in Resources */,
				D30D9CA828A374E30076A32D /* spain@3x.png in Resources */,
				D30D9CB028A374E30076A32D /* russia@2x.png in Resources */,
				D30D9CB128A374E30076A32D /* estonia@2x.png in Resources */,
				D30D9CB328A374E30076A32D /* russia@3x.png in Resources */,
				D30D9CBC28A374E30076A32D /* uk@2x.png in Resources */,
				D30D9CB728A374E30076A32D /* france@3x.png in Resources */,
				D30D9CAD28A374E30076A32D /* ireland@3x.png in Resources */,
			);
			runOnlyForDeploymentPostprocessing = 0;
		};
/* End PBXResourcesBuildPhase section */

/* Begin PBXSourcesBuildPhase section */
		D3AF1B8828A36F3200458AB1 /* Sources */ = {
			isa = PBXSourcesBuildPhase;
			buildActionMask = 2147483647;
			files = (
				D3AF1B9428A36F3300458AB1 /* ViewController.swift in Sources */,
				D3AF1B9028A36F3300458AB1 /* AppDelegate.swift in Sources */,
				D3AF1B9228A36F3300458AB1 /* SceneDelegate.swift in Sources */,
				D30D9CC228A3AC9F0076A32D /* DetailViewController.swift in Sources */,
			);
			runOnlyForDeploymentPostprocessing = 0;
		};
/* End PBXSourcesBuildPhase section */

/* Begin PBXVariantGroup section */
		D3AF1B9528A36F3300458AB1 /* Main.storyboard */ = {
			isa = PBXVariantGroup;
			children = (
				D3AF1B9628A36F3300458AB1 /* Base */,
			);
			name = Main.storyboard;
			sourceTree = "<group>";
		};
		D3AF1B9A28A36F3400458AB1 /* LaunchScreen.storyboard */ = {
			isa = PBXVariantGroup;
			children = (
				D3AF1B9B28A36F3400458AB1 /* Base */,
			);
			name = LaunchScreen.storyboard;
			sourceTree = "<group>";
		};
/* End PBXVariantGroup section */

/* Begin XCBuildConfiguration section */
		D3AF1B9E28A36F3400458AB1 /* Debug */ = {
			isa = XCBuildConfiguration;
			buildSettings = {
				ALWAYS_SEARCH_USER_PATHS = NO;
				CLANG_ANALYZER_NONNULL = YES;
				CLANG_ANALYZER_NUMBER_OBJECT_CONVERSION = YES_AGGRESSIVE;
				CLANG_CXX_LANGUAGE_STANDARD = "gnu++17";
				CLANG_ENABLE_MODULES = YES;
				CLANG_ENABLE_OBJC_ARC = YES;
				CLANG_ENABLE_OBJC_WEAK = YES;
				CLANG_WARN_BLOCK_CAPTURE_AUTORELEASING = YES;
				CLANG_WARN_BOOL_CONVERSION = YES;
				CLANG_WARN_COMMA = YES;
				CLANG_WARN_CONSTANT_CONVERSION = YES;
				CLANG_WARN_DEPRECATED_OBJC_IMPLEMENTATIONS = YES;
				CLANG_WARN_DIRECT_OBJC_ISA_USAGE = YES_ERROR;
				CLANG_WARN_DOCUMENTATION_COMMENTS = YES;
				CLANG_WARN_EMPTY_BODY = YES;
				CLANG_WARN_ENUM_CONVERSION = YES;
				CLANG_WARN_INFINITE_RECURSION = YES;
				CLANG_WARN_INT_CONVERSION = YES;
				CLANG_WARN_NON_LITERAL_NULL_CONVERSION = YES;
				CLANG_WARN_OBJC_IMPLICIT_RETAIN_SELF = YES;
				CLANG_WARN_OBJC_LITERAL_CONVERSION = YES;
				CLANG_WARN_OBJC_ROOT_CLASS = YES_ERROR;
				CLANG_WARN_QUOTED_INCLUDE_IN_FRAMEWORK_HEADER = YES;
				CLANG_WARN_RANGE_LOOP_ANALYSIS = YES;
				CLANG_WARN_STRICT_PROTOTYPES = YES;
				CLANG_WARN_SUSPICIOUS_MOVE = YES;
				CLANG_WARN_UNGUARDED_AVAILABILITY = YES_AGGRESSIVE;
				CLANG_WARN_UNREACHABLE_CODE = YES;
				CLANG_WARN__DUPLICATE_METHOD_MATCH = YES;
				COPY_PHASE_STRIP = NO;
				DEBUG_INFORMATION_FORMAT = dwarf;
				ENABLE_STRICT_OBJC_MSGSEND = YES;
				ENABLE_TESTABILITY = YES;
				GCC_C_LANGUAGE_STANDARD = gnu11;
				GCC_DYNAMIC_NO_PIC = NO;
				GCC_NO_COMMON_BLOCKS = YES;
				GCC_OPTIMIZATION_LEVEL = 0;
				GCC_PREPROCESSOR_DEFINITIONS = (
					"DEBUG=1",
					"$(inherited)",
				);
				GCC_WARN_64_TO_32_BIT_CONVERSION = YES;
				GCC_WARN_ABOUT_RETURN_TYPE = YES_ERROR;
				GCC_WARN_UNDECLARED_SELECTOR = YES;
				GCC_WARN_UNINITIALIZED_AUTOS = YES_AGGRESSIVE;
				GCC_WARN_UNUSED_FUNCTION = YES;
				GCC_WARN_UNUSED_VARIABLE = YES;
				IPHONEOS_DEPLOYMENT_TARGET = 15.5;
				MTL_ENABLE_DEBUG_INFO = INCLUDE_SOURCE;
				MTL_FAST_MATH = YES;
				ONLY_ACTIVE_ARCH = YES;
				SDKROOT = iphoneos;
				SWIFT_ACTIVE_COMPILATION_CONDITIONS = DEBUG;
				SWIFT_OPTIMIZATION_LEVEL = "-Onone";
			};
			name = Debug;
		};
		D3AF1B9F28A36F3400458AB1 /* Release */ = {
			isa = XCBuildConfiguration;
			buildSettings = {
				ALWAYS_SEARCH_USER_PATHS = NO;
				CLANG_ANALYZER_NONNULL = YES;
				CLANG_ANALYZER_NUMBER_OBJECT_CONVERSION = YES_AGGRESSIVE;
				CLANG_CXX_LANGUAGE_STANDARD = "gnu++17";
				CLANG_ENABLE_MODULES = YES;
				CLANG_ENABLE_OBJC_ARC = YES;
				CLANG_ENABLE_OBJC_WEAK = YES;
				CLANG_WARN_BLOCK_CAPTURE_AUTORELEASING = YES;
				CLANG_WARN_BOOL_CONVERSION = YES;
				CLANG_WARN_COMMA = YES;
				CLANG_WARN_CONSTANT_CONVERSION = YES;
				CLANG_WARN_DEPRECATED_OBJC_IMPLEMENTATIONS = YES;
				CLANG_WARN_DIRECT_OBJC_ISA_USAGE = YES_ERROR;
				CLANG_WARN_DOCUMENTATION_COMMENTS = YES;
				CLANG_WARN_EMPTY_BODY = YES;
				CLANG_WARN_ENUM_CONVERSION = YES;
				CLANG_WARN_INFINITE_RECURSION = YES;
				CLANG_WARN_INT_CONVERSION = YES;
				CLANG_WARN_NON_LITERAL_NULL_CONVERSION = YES;
				CLANG_WARN_OBJC_IMPLICIT_RETAIN_SELF = YES;
				CLANG_WARN_OBJC_LITERAL_CONVERSION = YES;
				CLANG_WARN_OBJC_ROOT_CLASS = YES_ERROR;
				CLANG_WARN_QUOTED_INCLUDE_IN_FRAMEWORK_HEADER = YES;
				CLANG_WARN_RANGE_LOOP_ANALYSIS = YES;
				CLANG_WARN_STRICT_PROTOTYPES = YES;
				CLANG_WARN_SUSPICIOUS_MOVE = YES;
				CLANG_WARN_UNGUARDED_AVAILABILITY = YES_AGGRESSIVE;
				CLANG_WARN_UNREACHABLE_CODE = YES;
				CLANG_WARN__DUPLICATE_METHOD_MATCH = YES;
				COPY_PHASE_STRIP = NO;
				DEBUG_INFORMATION_FORMAT = "dwarf-with-dsym";
				ENABLE_NS_ASSERTIONS = NO;
				ENABLE_STRICT_OBJC_MSGSEND = YES;
				GCC_C_LANGUAGE_STANDARD = gnu11;
				GCC_NO_COMMON_BLOCKS = YES;
				GCC_WARN_64_TO_32_BIT_CONVERSION = YES;
				GCC_WARN_ABOUT_RETURN_TYPE = YES_ERROR;
				GCC_WARN_UNDECLARED_SELECTOR = YES;
				GCC_WARN_UNINITIALIZED_AUTOS = YES_AGGRESSIVE;
				GCC_WARN_UNUSED_FUNCTION = YES;
				GCC_WARN_UNUSED_VARIABLE = YES;
				IPHONEOS_DEPLOYMENT_TARGET = 15.5;
				MTL_ENABLE_DEBUG_INFO = NO;
				MTL_FAST_MATH = YES;
				SDKROOT = iphoneos;
				SWIFT_COMPILATION_MODE = wholemodule;
				SWIFT_OPTIMIZATION_LEVEL = "-O";
				VALIDATE_PRODUCT = YES;
			};
			name = Release;
		};
		D3AF1BA128A36F3400458AB1 /* Debug */ = {
			isa = XCBuildConfiguration;
			buildSettings = {
				ASSETCATALOG_COMPILER_APPICON_NAME = AppIcon;
				ASSETCATALOG_COMPILER_GLOBAL_ACCENT_COLOR_NAME = AccentColor;
				CODE_SIGN_STYLE = Automatic;
				CURRENT_PROJECT_VERSION = 1;
				DEVELOPMENT_TEAM = 4JZ68K34BA;
				GENERATE_INFOPLIST_FILE = YES;
				INFOPLIST_FILE = C1_AboutFlags/Info.plist;
				INFOPLIST_KEY_UIApplicationSupportsIndirectInputEvents = YES;
				INFOPLIST_KEY_UILaunchStoryboardName = LaunchScreen;
				INFOPLIST_KEY_UIMainStoryboardFile = Main;
				INFOPLIST_KEY_UISupportedInterfaceOrientations_iPad = "UIInterfaceOrientationPortrait UIInterfaceOrientationPortraitUpsideDown UIInterfaceOrientationLandscapeLeft UIInterfaceOrientationLandscapeRight";
				INFOPLIST_KEY_UISupportedInterfaceOrientations_iPhone = "UIInterfaceOrientationPortrait UIInterfaceOrientationLandscapeLeft UIInterfaceOrientationLandscapeRight";
				LD_RUNPATH_SEARCH_PATHS = (
					"$(inherited)",
					"@executable_path/Frameworks",
				);
				MARKETING_VERSION = 1.0;
				PRODUCT_BUNDLE_IDENTIFIER = "com.laurakciic.C1-AboutFlags";
				PRODUCT_NAME = "$(TARGET_NAME)";
				SWIFT_EMIT_LOC_STRINGS = YES;
				SWIFT_VERSION = 5.0;
				TARGETED_DEVICE_FAMILY = "1,2";
			};
			name = Debug;
		};
		D3AF1BA228A36F3400458AB1 /* Release */ = {
			isa = XCBuildConfiguration;
			buildSettings = {
				ASSETCATALOG_COMPILER_APPICON_NAME = AppIcon;
				ASSETCATALOG_COMPILER_GLOBAL_ACCENT_COLOR_NAME = AccentColor;
				CODE_SIGN_STYLE = Automatic;
				CURRENT_PROJECT_VERSION = 1;
				DEVELOPMENT_TEAM = 4JZ68K34BA;
				GENERATE_INFOPLIST_FILE = YES;
				INFOPLIST_FILE = C1_AboutFlags/Info.plist;
				INFOPLIST_KEY_UIApplicationSupportsIndirectInputEvents = YES;
				INFOPLIST_KEY_UILaunchStoryboardName = LaunchScreen;
				INFOPLIST_KEY_UIMainStoryboardFile = Main;
				INFOPLIST_KEY_UISupportedInterfaceOrientations_iPad = "UIInterfaceOrientationPortrait UIInterfaceOrientationPortraitUpsideDown UIInterfaceOrientationLandscapeLeft UIInterfaceOrientationLandscapeRight";
				INFOPLIST_KEY_UISupportedInterfaceOrientations_iPhone = "UIInterfaceOrientationPortrait UIInterfaceOrientationLandscapeLeft UIInterfaceOrientationLandscapeRight";
				LD_RUNPATH_SEARCH_PATHS = (
					"$(inherited)",
					"@executable_path/Frameworks",
				);
				MARKETING_VERSION = 1.0;
				PRODUCT_BUNDLE_IDENTIFIER = "com.laurakciic.C1-AboutFlags";
				PRODUCT_NAME = "$(TARGET_NAME)";
				SWIFT_EMIT_LOC_STRINGS = YES;
				SWIFT_VERSION = 5.0;
				TARGETED_DEVICE_FAMILY = "1,2";
			};
			name = Release;
		};
/* End XCBuildConfiguration section */

/* Begin XCConfigurationList section */
		D3AF1B8728A36F3200458AB1 /* Build configuration list for PBXProject "C1_AboutFlags" */ = {
			isa = XCConfigurationList;
			buildConfigurations = (
				D3AF1B9E28A36F3400458AB1 /* Debug */,
				D3AF1B9F28A36F3400458AB1 /* Release */,
			);
			defaultConfigurationIsVisible = 0;
			defaultConfigurationName = Release;
		};
		D3AF1BA028A36F3400458AB1 /* Build configuration list for PBXNativeTarget "C1_AboutFlags" */ = {
			isa = XCConfigurationList;
			buildConfigurations = (
				D3AF1BA128A36F3400458AB1 /* Debug */,
				D3AF1BA228A36F3400458AB1 /* Release */,
			);
			defaultConfigurationIsVisible = 0;
			defaultConfigurationName = Release;
		};
/* End XCConfigurationList section */
	};
	rootObject = D3AF1B8428A36F3200458AB1 /* Project object */;
}
